
Microsoft Visual Studio Solution File, Format Version 12.00
# Visual Studio Express 2012 for Windows Desktop
Project("{FAE04EC0-301F-11D3-BF4B-00C04F79EFBC}") = "TinyCron", "TinyCron\TinyCron.csproj", "{B61E1A71-517E-411D-8B8A-3C2BC2AEB404}"
EndProject
Project("{FAE04EC0-301F-11D3-BF4B-00C04F79EFBC}") = "TinyCron.Example", "TinyCron.Example\TinyCron.Example.csproj", "{565FDF74-A7EB-4374-9209-D582E7217B95}"
EndProject
Global
	GlobalSection(SolutionConfigurationPlatforms) = preSolution
		Debug|Any CPU = Debug|Any CPU
		Release|Any CPU = Release|Any CPU
	EndGlobalSection
	GlobalSection(ProjectConfigurationPlatforms) = postSolution
		{B61E1A71-517E-411D-8B8A-3C2BC2AEB404}.Debug|Any CPU.ActiveCfg = Debug|Any CPU
		{B61E1A71-517E-411D-8B8A-3C2BC2AEB404}.Debug|Any CPU.Build.0 = Debug|Any CPU
		{B61E1A71-517E-411D-8B8A-3C2BC2AEB404}.Release|Any CPU.ActiveCfg = Release|Any CPU
		{B61E1A71-517E-411D-8B8A-3C2BC2AEB404}.Release|Any CPU.Build.0 = Release|Any CPU
		{565FDF74-A7EB-4374-9209-D582E7217B95}.Debug|Any CPU.ActiveCfg = Debug|Any CPU
		{565FDF74-A7EB-4374-9209-D582E7217B95}.Debug|Any CPU.Build.0 = Debug|Any CPU
		{565FDF74-A7EB-4374-9209-D582E7217B95}.Release|Any CPU.ActiveCfg = Release|Any CPU
		{565FDF74-A7EB-4374-9209-D582E7217B95}.Release|Any CPU.Build.0 = Release|Any CPU
	EndGlobalSection
	GlobalSection(SolutionProperties) = preSolution
		HideSolutionNode = FALSE
	EndGlobalSection
EndGlobal
